
Microsoft Visual Studio Solution File, Format Version 12.00
# Visual Studio Version 16
VisualStudioVersion = 16.0.29519.87
MinimumVisualStudioVersion = 10.0.40219.1
Project("{FAE04EC0-301F-11D3-BF4B-00C04F79EFBC}") = "iRh.Windows", "iRh.Windows\iRh.Windows.csproj", "{E5B392C6-A000-4C98-997E-BC4C6F7A3504}"
EndProject
Global
	GlobalSection(SolutionConfigurationPlatforms) = preSolution
		Debug|Any CPU = Debug|Any CPU
		Release|Any CPU = Release|Any CPU
	EndGlobalSection
	GlobalSection(ProjectConfigurationPlatforms) = postSolution
		{E5B392C6-A000-4C98-997E-BC4C6F7A3504}.Debug|Any CPU.ActiveCfg = Debug|Any CPU
		{E5B392C6-A000-4C98-997E-BC4C6F7A3504}.Debug|Any CPU.Build.0 = Debug|Any CPU
		{E5B392C6-A000-4C98-997E-BC4C6F7A3504}.Release|Any CPU.ActiveCfg = Release|Any CPU
		{E5B392C6-A000-4C98-997E-BC4C6F7A3504}.Release|Any CPU.Build.0 = Release|Any CPU
	EndGlobalSection
	GlobalSection(SolutionProperties) = preSolution
		HideSolutionNode = FALSE
	EndGlobalSection
	GlobalSection(ExtensibilityGlobals) = postSolution
		SolutionGuid = {69E0B28C-3668-4E8A-A1A0-AA3C2E4F8A55}
	EndGlobalSection
EndGlobal
